// !$*UTF8*$!
{
	archiveVersion = 1;
	classes = {
	};
	objectVersion = 50;
	objects = {

/* Begin PBXBuildFile section */
		171A7D697F13048915334A65 /* Pods_mvvm_Rx.framework in Frameworks */ = {isa = PBXBuildFile; fileRef = 834B7B1E5F8D0E20A3C81699 /* Pods_mvvm_Rx.framework */; };
		AC352E342130C57900C7FC6C /* SignInRepositoryImpl.swift in Sources */ = {isa = PBXBuildFile; fileRef = AC352E322130C57900C7FC6C /* SignInRepositoryImpl.swift */; };
		AC352E352130C57900C7FC6C /* SignInRepository.swift in Sources */ = {isa = PBXBuildFile; fileRef = AC352E332130C57900C7FC6C /* SignInRepository.swift */; };
		AC352E3B2130CBEF00C7FC6C /* LoginView.swift in Sources */ = {isa = PBXBuildFile; fileRef = AC352E382130CBEF00C7FC6C /* LoginView.swift */; };
		AC352E3D2130CBEF00C7FC6C /* LoginView.xib in Resources */ = {isa = PBXBuildFile; fileRef = AC352E3A2130CBEF00C7FC6C /* LoginView.xib */; };
		AC352E412134C39E00C7FC6C /* FacebookFeed.swift in Sources */ = {isa = PBXBuildFile; fileRef = AC352E402134C39E00C7FC6C /* FacebookFeed.swift */; };
		AC352E452134CF5D00C7FC6C /* PostTableViewCell.swift in Sources */ = {isa = PBXBuildFile; fileRef = AC352E432134CF5D00C7FC6C /* PostTableViewCell.swift */; };
		AC352E462134CF5D00C7FC6C /* PostTableViewCell.xib in Resources */ = {isa = PBXBuildFile; fileRef = AC352E442134CF5D00C7FC6C /* PostTableViewCell.xib */; };
		AC352E492137743700C7FC6C /* JSONExtension.swift in Sources */ = {isa = PBXBuildFile; fileRef = AC352E482137743700C7FC6C /* JSONExtension.swift */; };
		AC352E4B213792DD00C7FC6C /* FeedAttachments.swift in Sources */ = {isa = PBXBuildFile; fileRef = AC352E4A213792DD00C7FC6C /* FeedAttachments.swift */; };
		AC352E4E2137A1D100C7FC6C /* R.generated.swift in Sources */ = {isa = PBXBuildFile; fileRef = AC352E4D2137A1D100C7FC6C /* R.generated.swift */; };
		AC385080210FD65B00AE5217 /* AppDelegate.swift in Sources */ = {isa = PBXBuildFile; fileRef = AC38507F210FD65B00AE5217 /* AppDelegate.swift */; };
		AC385082210FD65B00AE5217 /* ViewController.swift in Sources */ = {isa = PBXBuildFile; fileRef = AC385081210FD65B00AE5217 /* ViewController.swift */; };
		AC385085210FD65B00AE5217 /* Main.storyboard in Resources */ = {isa = PBXBuildFile; fileRef = AC385083210FD65B00AE5217 /* Main.storyboard */; };
		AC385087210FD65E00AE5217 /* Assets.xcassets in Resources */ = {isa = PBXBuildFile; fileRef = AC385086210FD65E00AE5217 /* Assets.xcassets */; };
		AC38508A210FD65E00AE5217 /* LaunchScreen.storyboard in Resources */ = {isa = PBXBuildFile; fileRef = AC385088210FD65E00AE5217 /* LaunchScreen.storyboard */; };
		AC385093210FDC7C00AE5217 /* DefaultContainer.swift in Sources */ = {isa = PBXBuildFile; fileRef = AC385092210FDC7C00AE5217 /* DefaultContainer.swift */; };
		AC385096210FDD5900AE5217 /* Coordinator.swift in Sources */ = {isa = PBXBuildFile; fileRef = AC385095210FDD5900AE5217 /* Coordinator.swift */; };
		AC385098210FDD7400AE5217 /* AppCoordinator.swift in Sources */ = {isa = PBXBuildFile; fileRef = AC385097210FDD7400AE5217 /* AppCoordinator.swift */; };
		AC50C063212E371600D9EF34 /* HomeView.swift in Sources */ = {isa = PBXBuildFile; fileRef = AC50C060212E371600D9EF34 /* HomeView.swift */; };
		AC50C064212E371600D9EF34 /* HomeViewModel.swift in Sources */ = {isa = PBXBuildFile; fileRef = AC50C061212E371600D9EF34 /* HomeViewModel.swift */; };
		AC50C065212E371600D9EF34 /* HomeView.xib in Resources */ = {isa = PBXBuildFile; fileRef = AC50C062212E371600D9EF34 /* HomeView.xib */; };
		ACE5799C2122506B00359477 /* AuthService.swift in Sources */ = {isa = PBXBuildFile; fileRef = ACE5799B2122506B00359477 /* AuthService.swift */; };
		ACE579A02122509900359477 /* AuthRouterImpl.swift in Sources */ = {isa = PBXBuildFile; fileRef = ACE5799F2122509900359477 /* AuthRouterImpl.swift */; };
		ACE579A321225D5900359477 /* RX+NSObject.swift in Sources */ = {isa = PBXBuildFile; fileRef = ACE579A221225D5900359477 /* RX+NSObject.swift */; };
/* End PBXBuildFile section */

/* Begin PBXFileReference section */
		432405553F9FCDBA21688C8A /* Pods-mvvm+Rx.release.xcconfig */ = {isa = PBXFileReference; includeInIndex = 1; lastKnownFileType = text.xcconfig; name = "Pods-mvvm+Rx.release.xcconfig"; path = "Pods/Target Support Files/Pods-mvvm+Rx/Pods-mvvm+Rx.release.xcconfig"; sourceTree = "<group>"; };
		587B46FEEFF9C5E29290285A /* Pods-mvvm+Rx.debug.xcconfig */ = {isa = PBXFileReference; includeInIndex = 1; lastKnownFileType = text.xcconfig; name = "Pods-mvvm+Rx.debug.xcconfig"; path = "Pods/Target Support Files/Pods-mvvm+Rx/Pods-mvvm+Rx.debug.xcconfig"; sourceTree = "<group>"; };
		834B7B1E5F8D0E20A3C81699 /* Pods_mvvm_Rx.framework */ = {isa = PBXFileReference; explicitFileType = wrapper.framework; includeInIndex = 0; path = Pods_mvvm_Rx.framework; sourceTree = BUILT_PRODUCTS_DIR; };
		AC352E322130C57900C7FC6C /* SignInRepositoryImpl.swift */ = {isa = PBXFileReference; lastKnownFileType = sourcecode.swift; path = SignInRepositoryImpl.swift; sourceTree = "<group>"; };
		AC352E332130C57900C7FC6C /* SignInRepository.swift */ = {isa = PBXFileReference; lastKnownFileType = sourcecode.swift; path = SignInRepository.swift; sourceTree = "<group>"; };
		AC352E382130CBEF00C7FC6C /* LoginView.swift */ = {isa = PBXFileReference; lastKnownFileType = sourcecode.swift; path = LoginView.swift; sourceTree = "<group>"; };
		AC352E3A2130CBEF00C7FC6C /* LoginView.xib */ = {isa = PBXFileReference; lastKnownFileType = file.xib; path = LoginView.xib; sourceTree = "<group>"; };
		AC352E402134C39E00C7FC6C /* FacebookFeed.swift */ = {isa = PBXFileReference; lastKnownFileType = sourcecode.swift; path = FacebookFeed.swift; sourceTree = "<group>"; };
		AC352E432134CF5D00C7FC6C /* PostTableViewCell.swift */ = {isa = PBXFileReference; lastKnownFileType = sourcecode.swift; path = PostTableViewCell.swift; sourceTree = "<group>"; };
		AC352E442134CF5D00C7FC6C /* PostTableViewCell.xib */ = {isa = PBXFileReference; lastKnownFileType = file.xib; path = PostTableViewCell.xib; sourceTree = "<group>"; };
		AC352E482137743700C7FC6C /* JSONExtension.swift */ = {isa = PBXFileReference; lastKnownFileType = sourcecode.swift; path = JSONExtension.swift; sourceTree = "<group>"; };
		AC352E4A213792DD00C7FC6C /* FeedAttachments.swift */ = {isa = PBXFileReference; lastKnownFileType = sourcecode.swift; path = FeedAttachments.swift; sourceTree = "<group>"; };
		AC352E4D2137A1D100C7FC6C /* R.generated.swift */ = {isa = PBXFileReference; fileEncoding = 4; lastKnownFileType = sourcecode.swift; path = R.generated.swift; sourceTree = SOURCE_ROOT; };
		AC38507C210FD65B00AE5217 /* CodandoJuntas.app */ = {isa = PBXFileReference; explicitFileType = wrapper.application; includeInIndex = 0; path = CodandoJuntas.app; sourceTree = BUILT_PRODUCTS_DIR; };
		AC38507F210FD65B00AE5217 /* AppDelegate.swift */ = {isa = PBXFileReference; lastKnownFileType = sourcecode.swift; path = AppDelegate.swift; sourceTree = "<group>"; };
		AC385081210FD65B00AE5217 /* ViewController.swift */ = {isa = PBXFileReference; lastKnownFileType = sourcecode.swift; path = ViewController.swift; sourceTree = "<group>"; };
		AC385084210FD65B00AE5217 /* Base */ = {isa = PBXFileReference; lastKnownFileType = file.storyboard; name = Base; path = Base.lproj/Main.storyboard; sourceTree = "<group>"; };
		AC385086210FD65E00AE5217 /* Assets.xcassets */ = {isa = PBXFileReference; lastKnownFileType = folder.assetcatalog; path = Assets.xcassets; sourceTree = "<group>"; };
		AC385089210FD65E00AE5217 /* Base */ = {isa = PBXFileReference; lastKnownFileType = file.storyboard; name = Base; path = Base.lproj/LaunchScreen.storyboard; sourceTree = "<group>"; };
		AC38508B210FD65E00AE5217 /* Info.plist */ = {isa = PBXFileReference; lastKnownFileType = text.plist.xml; path = Info.plist; sourceTree = "<group>"; };
		AC385092210FDC7C00AE5217 /* DefaultContainer.swift */ = {isa = PBXFileReference; lastKnownFileType = sourcecode.swift; path = DefaultContainer.swift; sourceTree = "<group>"; };
		AC385095210FDD5900AE5217 /* Coordinator.swift */ = {isa = PBXFileReference; lastKnownFileType = sourcecode.swift; path = Coordinator.swift; sourceTree = "<group>"; };
		AC385097210FDD7400AE5217 /* AppCoordinator.swift */ = {isa = PBXFileReference; lastKnownFileType = sourcecode.swift; path = AppCoordinator.swift; sourceTree = "<group>"; };
		AC50C060212E371600D9EF34 /* HomeView.swift */ = {isa = PBXFileReference; lastKnownFileType = sourcecode.swift; path = HomeView.swift; sourceTree = "<group>"; };
		AC50C061212E371600D9EF34 /* HomeViewModel.swift */ = {isa = PBXFileReference; lastKnownFileType = sourcecode.swift; path = HomeViewModel.swift; sourceTree = "<group>"; };
		AC50C062212E371600D9EF34 /* HomeView.xib */ = {isa = PBXFileReference; lastKnownFileType = file.xib; path = HomeView.xib; sourceTree = "<group>"; };
		ACE5799B2122506B00359477 /* AuthService.swift */ = {isa = PBXFileReference; lastKnownFileType = sourcecode.swift; path = AuthService.swift; sourceTree = "<group>"; };
		ACE5799F2122509900359477 /* AuthRouterImpl.swift */ = {isa = PBXFileReference; lastKnownFileType = sourcecode.swift; path = AuthRouterImpl.swift; sourceTree = "<group>"; };
		ACE579A221225D5900359477 /* RX+NSObject.swift */ = {isa = PBXFileReference; lastKnownFileType = sourcecode.swift; path = "RX+NSObject.swift"; sourceTree = "<group>"; };
/* End PBXFileReference section */

/* Begin PBXFrameworksBuildPhase section */
		AC385079210FD65B00AE5217 /* Frameworks */ = {
			isa = PBXFrameworksBuildPhase;
			buildActionMask = 2147483647;
			files = (
				171A7D697F13048915334A65 /* Pods_mvvm_Rx.framework in Frameworks */,
			);
			runOnlyForDeploymentPostprocessing = 0;
		};
/* End PBXFrameworksBuildPhase section */

/* Begin PBXGroup section */
		450345676B0EABF8C92FCE01 /* Frameworks */ = {
			isa = PBXGroup;
			children = (
				834B7B1E5F8D0E20A3C81699 /* Pods_mvvm_Rx.framework */,
			);
			name = Frameworks;
			sourceTree = "<group>";
		};
		AC352E312130C10D00C7FC6C /* Repository */ = {
			isa = PBXGroup;
			children = (
				AC352E3E2134B52900C7FC6C /* SignInRepository */,
			);
			path = Repository;
			sourceTree = "<group>";
		};
		AC352E362130CBBC00C7FC6C /* Home */ = {
			isa = PBXGroup;
			children = (
				AC50C060212E371600D9EF34 /* HomeView.swift */,
				AC50C061212E371600D9EF34 /* HomeViewModel.swift */,
				AC50C062212E371600D9EF34 /* HomeView.xib */,
			);
			path = Home;
			sourceTree = "<group>";
		};
		AC352E372130CBCD00C7FC6C /* Login */ = {
			isa = PBXGroup;
			children = (
				AC352E382130CBEF00C7FC6C /* LoginView.swift */,
				AC352E3A2130CBEF00C7FC6C /* LoginView.xib */,
			);
			path = Login;
			sourceTree = "<group>";
		};
		AC352E3E2134B52900C7FC6C /* SignInRepository */ = {
			isa = PBXGroup;
			children = (
				AC352E322130C57900C7FC6C /* SignInRepositoryImpl.swift */,
				AC352E332130C57900C7FC6C /* SignInRepository.swift */,
			);
			path = SignInRepository;
			sourceTree = "<group>";
		};
		AC352E3F2134C37600C7FC6C /* Model */ = {
			isa = PBXGroup;
			children = (
				AC352E402134C39E00C7FC6C /* FacebookFeed.swift */,
				AC352E4A213792DD00C7FC6C /* FeedAttachments.swift */,
			);
			path = Model;
			sourceTree = "<group>";
		};
		AC352E422134CE7100C7FC6C /* Cells */ = {
			isa = PBXGroup;
			children = (
				AC352E432134CF5D00C7FC6C /* PostTableViewCell.swift */,
				AC352E442134CF5D00C7FC6C /* PostTableViewCell.xib */,
			);
			path = Cells;
			sourceTree = "<group>";
		};
		AC352E472137741200C7FC6C /* Utils */ = {
			isa = PBXGroup;
			children = (
				AC352E482137743700C7FC6C /* JSONExtension.swift */,
			);
			path = Utils;
			sourceTree = "<group>";
		};
		AC385073210FD65B00AE5217 = {
			isa = PBXGroup;
			children = (
				AC38507E210FD65B00AE5217 /* mvvm+Rx */,
				AC38507D210FD65B00AE5217 /* Products */,
				FA85515BE0C1919B8970547B /* Pods */,
				450345676B0EABF8C92FCE01 /* Frameworks */,
			);
			sourceTree = "<group>";
		};
		AC38507D210FD65B00AE5217 /* Products */ = {
			isa = PBXGroup;
			children = (
				AC38507C210FD65B00AE5217 /* CodandoJuntas.app */,
			);
			name = Products;
			sourceTree = "<group>";
		};
		AC38507E210FD65B00AE5217 /* mvvm+Rx */ = {
			isa = PBXGroup;
			children = (
				AC352E472137741200C7FC6C /* Utils */,
				AC352E3F2134C37600C7FC6C /* Model */,
				ACE579A121225D3400359477 /* RxExtensions */,
				ACE5799A2122504800359477 /* Service */,
				AC352E312130C10D00C7FC6C /* Repository */,
				AC385094210FDD3A00AE5217 /* Coordinator */,
				AC385091210FDC5D00AE5217 /* Container */,
				AC50C05D212E302300D9EF34 /* Modules */,
				AC38507F210FD65B00AE5217 /* AppDelegate.swift */,
				AC385081210FD65B00AE5217 /* ViewController.swift */,
				AC385083210FD65B00AE5217 /* Main.storyboard */,
				AC352E4D2137A1D100C7FC6C /* R.generated.swift */,
				AC385086210FD65E00AE5217 /* Assets.xcassets */,
				AC385088210FD65E00AE5217 /* LaunchScreen.storyboard */,
				AC38508B210FD65E00AE5217 /* Info.plist */,
			);
			path = "mvvm+Rx";
			sourceTree = "<group>";
		};
		AC385091210FDC5D00AE5217 /* Container */ = {
			isa = PBXGroup;
			children = (
				AC385092210FDC7C00AE5217 /* DefaultContainer.swift */,
			);
			path = Container;
			sourceTree = "<group>";
		};
		AC385094210FDD3A00AE5217 /* Coordinator */ = {
			isa = PBXGroup;
			children = (
				AC385095210FDD5900AE5217 /* Coordinator.swift */,
				AC385097210FDD7400AE5217 /* AppCoordinator.swift */,
			);
			path = Coordinator;
			sourceTree = "<group>";
		};
		AC50C05D212E302300D9EF34 /* Modules */ = {
			isa = PBXGroup;
			children = (
				AC352E422134CE7100C7FC6C /* Cells */,
				AC352E372130CBCD00C7FC6C /* Login */,
				AC352E362130CBBC00C7FC6C /* Home */,
			);
			path = Modules;
			sourceTree = "<group>";
		};
		ACE5799A2122504800359477 /* Service */ = {
			isa = PBXGroup;
			children = (
				ACE5799B2122506B00359477 /* AuthService.swift */,
				ACE5799F2122509900359477 /* AuthRouterImpl.swift */,
			);
			path = Service;
			sourceTree = "<group>";
		};
		ACE579A121225D3400359477 /* RxExtensions */ = {
			isa = PBXGroup;
			children = (
				ACE579A221225D5900359477 /* RX+NSObject.swift */,
			);
			path = RxExtensions;
			sourceTree = "<group>";
		};
		FA85515BE0C1919B8970547B /* Pods */ = {
			isa = PBXGroup;
			children = (
				587B46FEEFF9C5E29290285A /* Pods-mvvm+Rx.debug.xcconfig */,
				432405553F9FCDBA21688C8A /* Pods-mvvm+Rx.release.xcconfig */,
			);
			name = Pods;
			sourceTree = "<group>";
		};
/* End PBXGroup section */

/* Begin PBXNativeTarget section */
		AC38507B210FD65B00AE5217 /* CodandoJuntas */ = {
			isa = PBXNativeTarget;
			buildConfigurationList = AC38508E210FD65E00AE5217 /* Build configuration list for PBXNativeTarget "CodandoJuntas" */;
			buildPhases = (
				152A4FB71023FA0010563197 /* [CP] Check Pods Manifest.lock */,
				AC352E4C2137A16F00C7FC6C /* R.Swift */,
				AC385078210FD65B00AE5217 /* Sources */,
				AC385079210FD65B00AE5217 /* Frameworks */,
				AC38507A210FD65B00AE5217 /* Resources */,
				530290C9C5E022C10E484F6E /* [CP] Embed Pods Frameworks */,
			);
			buildRules = (
			);
			dependencies = (
			);
			name = CodandoJuntas;
			productName = "mvvm+Rx";
			productReference = AC38507C210FD65B00AE5217 /* CodandoJuntas.app */;
			productType = "com.apple.product-type.application";
		};
/* End PBXNativeTarget section */

/* Begin PBXProject section */
		AC385074210FD65B00AE5217 /* Project object */ = {
			isa = PBXProject;
			attributes = {
				LastSwiftUpdateCheck = 0940;
				LastUpgradeCheck = 0940;
				ORGANIZATIONNAME = vassini;
				TargetAttributes = {
					AC38507B210FD65B00AE5217 = {
						CreatedOnToolsVersion = 9.4.1;
						SystemCapabilities = {
							com.apple.InAppPurchase = {
								enabled = 0;
							};
						};
					};
				};
			};
			buildConfigurationList = AC385077210FD65B00AE5217 /* Build configuration list for PBXProject "CodandoJuntas" */;
			compatibilityVersion = "Xcode 9.3";
			developmentRegion = en;
			hasScannedForEncodings = 0;
			knownRegions = (
				en,
				Base,
			);
			mainGroup = AC385073210FD65B00AE5217;
			productRefGroup = AC38507D210FD65B00AE5217 /* Products */;
			projectDirPath = "";
			projectRoot = "";
			targets = (
				AC38507B210FD65B00AE5217 /* CodandoJuntas */,
			);
		};
/* End PBXProject section */

/* Begin PBXResourcesBuildPhase section */
		AC38507A210FD65B00AE5217 /* Resources */ = {
			isa = PBXResourcesBuildPhase;
			buildActionMask = 2147483647;
			files = (
				AC38508A210FD65E00AE5217 /* LaunchScreen.storyboard in Resources */,
				AC50C065212E371600D9EF34 /* HomeView.xib in Resources */,
				AC385087210FD65E00AE5217 /* Assets.xcassets in Resources */,
				AC352E462134CF5D00C7FC6C /* PostTableViewCell.xib in Resources */,
				AC352E3D2130CBEF00C7FC6C /* LoginView.xib in Resources */,
				AC385085210FD65B00AE5217 /* Main.storyboard in Resources */,
			);
			runOnlyForDeploymentPostprocessing = 0;
		};
/* End PBXResourcesBuildPhase section */

/* Begin PBXShellScriptBuildPhase section */
		152A4FB71023FA0010563197 /* [CP] Check Pods Manifest.lock */ = {
			isa = PBXShellScriptBuildPhase;
			buildActionMask = 2147483647;
			files = (
			);
			inputPaths = (
				"${PODS_PODFILE_DIR_PATH}/Podfile.lock",
				"${PODS_ROOT}/Manifest.lock",
			);
			name = "[CP] Check Pods Manifest.lock";
			outputPaths = (
				"$(DERIVED_FILE_DIR)/Pods-mvvm+Rx-checkManifestLockResult.txt",
			);
			runOnlyForDeploymentPostprocessing = 0;
			shellPath = /bin/sh;
			shellScript = "diff \"${PODS_PODFILE_DIR_PATH}/Podfile.lock\" \"${PODS_ROOT}/Manifest.lock\" > /dev/null\nif [ $? != 0 ] ; then\n    # print error to STDERR\n    echo \"error: The sandbox is not in sync with the Podfile.lock. Run 'pod install' or update your CocoaPods installation.\" >&2\n    exit 1\nfi\n# This output is used by Xcode 'outputs' to avoid re-running this script phase.\necho \"SUCCESS\" > \"${SCRIPT_OUTPUT_FILE_0}\"\n";
			showEnvVarsInLog = 0;
		};
		530290C9C5E022C10E484F6E /* [CP] Embed Pods Frameworks */ = {
			isa = PBXShellScriptBuildPhase;
			buildActionMask = 2147483647;
			files = (
			);
			inputPaths = (
				"${SRCROOT}/Pods/Target Support Files/Pods-mvvm+Rx/Pods-mvvm+Rx-frameworks.sh",
				"${BUILT_PRODUCTS_DIR}/Bolts/Bolts.framework",
				"${BUILT_PRODUCTS_DIR}/FBSDKCoreKit/FBSDKCoreKit.framework",
				"${BUILT_PRODUCTS_DIR}/FBSDKLoginKit/FBSDKLoginKit.framework",
				"${BUILT_PRODUCTS_DIR}/FacebookCore/FacebookCore.framework",
				"${BUILT_PRODUCTS_DIR}/FacebookLogin/FacebookLogin.framework",
				"${BUILT_PRODUCTS_DIR}/R.swift.Library/Rswift.framework",
				"${BUILT_PRODUCTS_DIR}/RxCocoa/RxCocoa.framework",
				"${BUILT_PRODUCTS_DIR}/RxSwift/RxSwift.framework",
				"${BUILT_PRODUCTS_DIR}/RxSwiftExt/RxSwiftExt.framework",
				"${BUILT_PRODUCTS_DIR}/RxSwiftUtilities/RxSwiftUtilities.framework",
				"${BUILT_PRODUCTS_DIR}/Swinject/Swinject.framework",
			);
			name = "[CP] Embed Pods Frameworks";
			outputPaths = (
				"${TARGET_BUILD_DIR}/${FRAMEWORKS_FOLDER_PATH}/Bolts.framework",
				"${TARGET_BUILD_DIR}/${FRAMEWORKS_FOLDER_PATH}/FBSDKCoreKit.framework",
				"${TARGET_BUILD_DIR}/${FRAMEWORKS_FOLDER_PATH}/FBSDKLoginKit.framework",
				"${TARGET_BUILD_DIR}/${FRAMEWORKS_FOLDER_PATH}/FacebookCore.framework",
				"${TARGET_BUILD_DIR}/${FRAMEWORKS_FOLDER_PATH}/FacebookLogin.framework",
				"${TARGET_BUILD_DIR}/${FRAMEWORKS_FOLDER_PATH}/Rswift.framework",
				"${TARGET_BUILD_DIR}/${FRAMEWORKS_FOLDER_PATH}/RxCocoa.framework",
				"${TARGET_BUILD_DIR}/${FRAMEWORKS_FOLDER_PATH}/RxSwift.framework",
				"${TARGET_BUILD_DIR}/${FRAMEWORKS_FOLDER_PATH}/RxSwiftExt.framework",
				"${TARGET_BUILD_DIR}/${FRAMEWORKS_FOLDER_PATH}/RxSwiftUtilities.framework",
				"${TARGET_BUILD_DIR}/${FRAMEWORKS_FOLDER_PATH}/Swinject.framework",
			);
			runOnlyForDeploymentPostprocessing = 0;
			shellPath = /bin/sh;
			shellScript = "\"${SRCROOT}/Pods/Target Support Files/Pods-mvvm+Rx/Pods-mvvm+Rx-frameworks.sh\"\n";
			showEnvVarsInLog = 0;
		};
		AC352E4C2137A16F00C7FC6C /* R.Swift */ = {
			isa = PBXShellScriptBuildPhase;
			buildActionMask = 2147483647;
			files = (
			);
			inputPaths = (
			);
			name = R.Swift;
			outputPaths = (
			);
			runOnlyForDeploymentPostprocessing = 0;
			shellPath = /bin/sh;
			shellScript = "\"$PODS_ROOT/R.swift/rswift\" generate \"$SRCROOT\"\n";
		};
/* End PBXShellScriptBuildPhase section */

/* Begin PBXSourcesBuildPhase section */
		AC385078210FD65B00AE5217 /* Sources */ = {
			isa = PBXSourcesBuildPhase;
			buildActionMask = 2147483647;
			files = (
				AC50C063212E371600D9EF34 /* HomeView.swift in Sources */,
				AC385096210FDD5900AE5217 /* Coordinator.swift in Sources */,
				AC352E452134CF5D00C7FC6C /* PostTableViewCell.swift in Sources */,
				AC385082210FD65B00AE5217 /* ViewController.swift in Sources */,
				AC50C064212E371600D9EF34 /* HomeViewModel.swift in Sources */,
				AC352E492137743700C7FC6C /* JSONExtension.swift in Sources */,
				AC385098210FDD7400AE5217 /* AppCoordinator.swift in Sources */,
				AC352E352130C57900C7FC6C /* SignInRepository.swift in Sources */,
				ACE579A321225D5900359477 /* RX+NSObject.swift in Sources */,
				AC352E412134C39E00C7FC6C /* FacebookFeed.swift in Sources */,
				AC352E342130C57900C7FC6C /* SignInRepositoryImpl.swift in Sources */,
				AC352E4E2137A1D100C7FC6C /* R.generated.swift in Sources */,
				ACE579A02122509900359477 /* AuthRouterImpl.swift in Sources */,
				ACE5799C2122506B00359477 /* AuthService.swift in Sources */,
				AC352E4B213792DD00C7FC6C /* FeedAttachments.swift in Sources */,
				AC352E3B2130CBEF00C7FC6C /* LoginView.swift in Sources */,
				AC385080210FD65B00AE5217 /* AppDelegate.swift in Sources */,
				AC385093210FDC7C00AE5217 /* DefaultContainer.swift in Sources */,
			);
			runOnlyForDeploymentPostprocessing = 0;
		};
/* End PBXSourcesBuildPhase section */

/* Begin PBXVariantGroup section */
		AC385083210FD65B00AE5217 /* Main.storyboard */ = {
			isa = PBXVariantGroup;
			children = (
				AC385084210FD65B00AE5217 /* Base */,
			);
			name = Main.storyboard;
			sourceTree = "<group>";
		};
		AC385088210FD65E00AE5217 /* LaunchScreen.storyboard */ = {
			isa = PBXVariantGroup;
			children = (
				AC385089210FD65E00AE5217 /* Base */,
			);
			name = LaunchScreen.storyboard;
			sourceTree = "<group>";
		};
/* End PBXVariantGroup section */

/* Begin XCBuildConfiguration section */
		AC38508C210FD65E00AE5217 /* Debug */ = {
			isa = XCBuildConfiguration;
			buildSettings = {
				ALWAYS_SEARCH_USER_PATHS = NO;
				CLANG_ANALYZER_NONNULL = YES;
				CLANG_ANALYZER_NUMBER_OBJECT_CONVERSION = YES_AGGRESSIVE;
				CLANG_CXX_LANGUAGE_STANDARD = "gnu++14";
				CLANG_CXX_LIBRARY = "libc++";
				CLANG_ENABLE_MODULES = YES;
				CLANG_ENABLE_OBJC_ARC = YES;
				CLANG_ENABLE_OBJC_WEAK = YES;
				CLANG_WARN_BLOCK_CAPTURE_AUTORELEASING = YES;
				CLANG_WARN_BOOL_CONVERSION = YES;
				CLANG_WARN_COMMA = YES;
				CLANG_WARN_CONSTANT_CONVERSION = YES;
				CLANG_WARN_DEPRECATED_OBJC_IMPLEMENTATIONS = YES;
				CLANG_WARN_DIRECT_OBJC_ISA_USAGE = YES_ERROR;
				CLANG_WARN_DOCUMENTATION_COMMENTS = YES;
				CLANG_WARN_EMPTY_BODY = YES;
				CLANG_WARN_ENUM_CONVERSION = YES;
				CLANG_WARN_INFINITE_RECURSION = YES;
				CLANG_WARN_INT_CONVERSION = YES;
				CLANG_WARN_NON_LITERAL_NULL_CONVERSION = YES;
				CLANG_WARN_OBJC_IMPLICIT_RETAIN_SELF = YES;
				CLANG_WARN_OBJC_LITERAL_CONVERSION = YES;
				CLANG_WARN_OBJC_ROOT_CLASS = YES_ERROR;
				CLANG_WARN_RANGE_LOOP_ANALYSIS = YES;
				CLANG_WARN_STRICT_PROTOTYPES = YES;
				CLANG_WARN_SUSPICIOUS_MOVE = YES;
				CLANG_WARN_UNGUARDED_AVAILABILITY = YES_AGGRESSIVE;
				CLANG_WARN_UNREACHABLE_CODE = YES;
				CLANG_WARN__DUPLICATE_METHOD_MATCH = YES;
				CODE_SIGN_IDENTITY = "iPhone Developer";
				COPY_PHASE_STRIP = NO;
				DEBUG_INFORMATION_FORMAT = dwarf;
				ENABLE_STRICT_OBJC_MSGSEND = YES;
				ENABLE_TESTABILITY = YES;
				GCC_C_LANGUAGE_STANDARD = gnu11;
				GCC_DYNAMIC_NO_PIC = NO;
				GCC_NO_COMMON_BLOCKS = YES;
				GCC_OPTIMIZATION_LEVEL = 0;
				GCC_PREPROCESSOR_DEFINITIONS = (
					"DEBUG=1",
					"$(inherited)",
				);
				GCC_WARN_64_TO_32_BIT_CONVERSION = YES;
				GCC_WARN_ABOUT_RETURN_TYPE = YES_ERROR;
				GCC_WARN_UNDECLARED_SELECTOR = YES;
				GCC_WARN_UNINITIALIZED_AUTOS = YES_AGGRESSIVE;
				GCC_WARN_UNUSED_FUNCTION = YES;
				GCC_WARN_UNUSED_VARIABLE = YES;
				IPHONEOS_DEPLOYMENT_TARGET = 11.4;
				MTL_ENABLE_DEBUG_INFO = YES;
				ONLY_ACTIVE_ARCH = YES;
				SDKROOT = iphoneos;
				SWIFT_ACTIVE_COMPILATION_CONDITIONS = DEBUG;
				SWIFT_OPTIMIZATION_LEVEL = "-Onone";
			};
			name = Debug;
		};
		AC38508D210FD65E00AE5217 /* Release */ = {
			isa = XCBuildConfiguration;
			buildSettings = {
				ALWAYS_SEARCH_USER_PATHS = NO;
				CLANG_ANALYZER_NONNULL = YES;
				CLANG_ANALYZER_NUMBER_OBJECT_CONVERSION = YES_AGGRESSIVE;
				CLANG_CXX_LANGUAGE_STANDARD = "gnu++14";
				CLANG_CXX_LIBRARY = "libc++";
				CLANG_ENABLE_MODULES = YES;
				CLANG_ENABLE_OBJC_ARC = YES;
				CLANG_ENABLE_OBJC_WEAK = YES;
				CLANG_WARN_BLOCK_CAPTURE_AUTORELEASING = YES;
				CLANG_WARN_BOOL_CONVERSION = YES;
				CLANG_WARN_COMMA = YES;
				CLANG_WARN_CONSTANT_CONVERSION = YES;
				CLANG_WARN_DEPRECATED_OBJC_IMPLEMENTATIONS = YES;
				CLANG_WARN_DIRECT_OBJC_ISA_USAGE = YES_ERROR;
				CLANG_WARN_DOCUMENTATION_COMMENTS = YES;
				CLANG_WARN_EMPTY_BODY = YES;
				CLANG_WARN_ENUM_CONVERSION = YES;
				CLANG_WARN_INFINITE_RECURSION = YES;
				CLANG_WARN_INT_CONVERSION = YES;
				CLANG_WARN_NON_LITERAL_NULL_CONVERSION = YES;
				CLANG_WARN_OBJC_IMPLICIT_RETAIN_SELF = YES;
				CLANG_WARN_OBJC_LITERAL_CONVERSION = YES;
				CLANG_WARN_OBJC_ROOT_CLASS = YES_ERROR;
				CLANG_WARN_RANGE_LOOP_ANALYSIS = YES;
				CLANG_WARN_STRICT_PROTOTYPES = YES;
				CLANG_WARN_SUSPICIOUS_MOVE = YES;
				CLANG_WARN_UNGUARDED_AVAILABILITY = YES_AGGRESSIVE;
				CLANG_WARN_UNREACHABLE_CODE = YES;
				CLANG_WARN__DUPLICATE_METHOD_MATCH = YES;
				CODE_SIGN_IDENTITY = "iPhone Developer";
				COPY_PHASE_STRIP = NO;
				DEBUG_INFORMATION_FORMAT = "dwarf-with-dsym";
				ENABLE_NS_ASSERTIONS = NO;
				ENABLE_STRICT_OBJC_MSGSEND = YES;
				GCC_C_LANGUAGE_STANDARD = gnu11;
				GCC_NO_COMMON_BLOCKS = YES;
				GCC_WARN_64_TO_32_BIT_CONVERSION = YES;
				GCC_WARN_ABOUT_RETURN_TYPE = YES_ERROR;
				GCC_WARN_UNDECLARED_SELECTOR = YES;
				GCC_WARN_UNINITIALIZED_AUTOS = YES_AGGRESSIVE;
				GCC_WARN_UNUSED_FUNCTION = YES;
				GCC_WARN_UNUSED_VARIABLE = YES;
				IPHONEOS_DEPLOYMENT_TARGET = 11.4;
				MTL_ENABLE_DEBUG_INFO = NO;
				SDKROOT = iphoneos;
				SWIFT_COMPILATION_MODE = wholemodule;
				SWIFT_OPTIMIZATION_LEVEL = "-O";
				VALIDATE_PRODUCT = YES;
			};
			name = Release;
		};
		AC38508F210FD65E00AE5217 /* Debug */ = {
			isa = XCBuildConfiguration;
			baseConfigurationReference = 587B46FEEFF9C5E29290285A /* Pods-mvvm+Rx.debug.xcconfig */;
			buildSettings = {
				ASSETCATALOG_COMPILER_APPICON_NAME = AppIcon;
				CODE_SIGN_STYLE = Automatic;
				DEVELOPMENT_TEAM = C2WX94X8CG;
				INFOPLIST_FILE = "mvvm+Rx/Info.plist";
				LD_RUNPATH_SEARCH_PATHS = (
					"$(inherited)",
					"@executable_path/Frameworks",
				);
				PRODUCT_BUNDLE_IDENTIFIER = com.vassini.CodandoJuntasAlpha;
				PRODUCT_NAME = "$(TARGET_NAME)";
				SWIFT_VERSION = 4.0;
				TARGETED_DEVICE_FAMILY = "1,2";
			};
			name = Debug;
		};
		AC385090210FD65E00AE5217 /* Release */ = {
			isa = XCBuildConfiguration;
			baseConfigurationReference = 432405553F9FCDBA21688C8A /* Pods-mvvm+Rx.release.xcconfig */;
			buildSettings = {
				ASSETCATALOG_COMPILER_APPICON_NAME = AppIcon;
				CODE_SIGN_STYLE = Automatic;
				DEVELOPMENT_TEAM = C2WX94X8CG;
				INFOPLIST_FILE = "mvvm+Rx/Info.plist";
				LD_RUNPATH_SEARCH_PATHS = (
					"$(inherited)",
					"@executable_path/Frameworks",
				);
				PRODUCT_BUNDLE_IDENTIFIER = com.vassini.CodandoJuntasAlpha;
				PRODUCT_NAME = "$(TARGET_NAME)";
				SWIFT_VERSION = 4.0;
				TARGETED_DEVICE_FAMILY = "1,2";
			};
			name = Release;
		};
/* End XCBuildConfiguration section */

/* Begin XCConfigurationList section */
		AC385077210FD65B00AE5217 /* Build configuration list for PBXProject "CodandoJuntas" */ = {
			isa = XCConfigurationList;
			buildConfigurations = (
				AC38508C210FD65E00AE5217 /* Debug */,
				AC38508D210FD65E00AE5217 /* Release */,
			);
			defaultConfigurationIsVisible = 0;
			defaultConfigurationName = Release;
		};
		AC38508E210FD65E00AE5217 /* Build configuration list for PBXNativeTarget "CodandoJuntas" */ = {
			isa = XCConfigurationList;
			buildConfigurations = (
				AC38508F210FD65E00AE5217 /* Debug */,
				AC385090210FD65E00AE5217 /* Release */,
			);
			defaultConfigurationIsVisible = 0;
			defaultConfigurationName = Release;
		};
/* End XCConfigurationList section */
	};
	rootObject = AC385074210FD65B00AE5217 /* Project object */;
}
